
Microsoft Visual Studio Solution File, Format Version 12.00
# Visual Studio Version 17
VisualStudioVersion = 17.11.35312.102
MinimumVisualStudioVersion = 10.0.40219.1
Project("{FAE04EC0-301F-11D3-BF4B-00C04F79EFBC}") = "Жбанк_app", "Жбанк_app\Жбанк_app.csproj", "{1004AD27-AF3D-4BB6-83C7-F32B06CA38D5}"
EndProject
Global
	GlobalSection(SolutionConfigurationPlatforms) = preSolution
		Debug|Any CPU = Debug|Any CPU
		Release|Any CPU = Release|Any CPU
	EndGlobalSection
	GlobalSection(ProjectConfigurationPlatforms) = postSolution
		{1004AD27-AF3D-4BB6-83C7-F32B06CA38D5}.Debug|Any CPU.ActiveCfg = Debug|Any CPU
		{1004AD27-AF3D-4BB6-83C7-F32B06CA38D5}.Debug|Any CPU.Build.0 = Debug|Any CPU
		{1004AD27-AF3D-4BB6-83C7-F32B06CA38D5}.Release|Any CPU.ActiveCfg = Release|Any CPU
		{1004AD27-AF3D-4BB6-83C7-F32B06CA38D5}.Release|Any CPU.Build.0 = Release|Any CPU
	EndGlobalSection
	GlobalSection(SolutionProperties) = preSolution
		HideSolutionNode = FALSE
	EndGlobalSection
	GlobalSection(ExtensibilityGlobals) = postSolution
		SolutionGuid = {FA47085E-9BFD-435B-A7FE-32E93F74CBC4}
	EndGlobalSection
EndGlobal
